
Microsoft Visual Studio Solution File, Format Version 12.00
# Visual Studio Version 17
VisualStudioVersion = 17.7.34031.279
MinimumVisualStudioVersion = 10.0.40219.1
Project("{FAE04EC0-301F-11D3-BF4B-00C04F79EFBC}") = "JWT_Authentication_Authorization", "UserManagement.Api\JWT_Authentication_Authorization.csproj", "{7B810348-CEDA-4EB6-994F-276670FC116F}"
EndProject
Global
	GlobalSection(SolutionConfigurationPlatforms) = preSolution
		Debug|Any CPU = Debug|Any CPU
		Release|Any CPU = Release|Any CPU
	EndGlobalSection
	GlobalSection(ProjectConfigurationPlatforms) = postSolution
		{7B810348-CEDA-4EB6-994F-276670FC116F}.Debug|Any CPU.ActiveCfg = Debug|Any CPU
		{7B810348-CEDA-4EB6-994F-276670FC116F}.Debug|Any CPU.Build.0 = Debug|Any CPU
		{7B810348-CEDA-4EB6-994F-276670FC116F}.Release|Any CPU.ActiveCfg = Release|Any CPU
		{7B810348-CEDA-4EB6-994F-276670FC116F}.Release|Any CPU.Build.0 = Release|Any CPU
	EndGlobalSection
	GlobalSection(SolutionProperties) = preSolution
		HideSolutionNode = FALSE
	EndGlobalSection
	GlobalSection(ExtensibilityGlobals) = postSolution
		SolutionGuid = {66B9C2A8-167D-440D-9931-3C17AF0FB4FB}
	EndGlobalSection
EndGlobal
